# THIS IS AN AUTOGENERATED FILE. DO NOT EDIT THIS FILE DIRECTLY.
# yarn lockfile v1


"@types/history@^4.7.5":
  version "4.7.5"
  resolved "https://registry.yarnpkg.com/@types/history/-/history-4.7.5.tgz#527d20ef68571a4af02ed74350164e7a67544860"
  integrity sha512-wLD/Aq2VggCJXSjxEwrMafIP51Z+13H78nXIX0ABEuIGhmB5sNGbR113MOKo+yfw+RDo1ZU3DM6yfnnRF/+ouw==

mobx-state-tree@^3.15.0:
  version "3.15.0"
  resolved "https://registry.yarnpkg.com/mobx-state-tree/-/mobx-state-tree-3.15.0.tgz#62efb04acb3562c251f043d6a2624b783887054b"
  integrity sha512-65vvHPBWlz1gmZggbMAdg9ZSEVMGtyLj0drPDTYo/yMv8NVel52mNgBUKxDYWsNU9XMX4GM71wABhx7fD8s0Uw==

mobx@^5.15.4:
  version "5.15.4"
  resolved "https://registry.yarnpkg.com/mobx/-/mobx-5.15.4.tgz#9da1a84e97ba624622f4e55a0bf3300fb931c2ab"
  integrity sha512-xRFJxSU2Im3nrGCdjSuOTFmxVDGeqOHL+TyADCGbT0k4HHqGmx5u2yaHNryvoORpI4DfbzjJ5jPmuv+d7sioFw==

typescript@^3.7.5:
  version "3.7.5"
  resolved "https://registry.yarnpkg.com/typescript/-/typescript-3.7.5.tgz#0692e21f65fd4108b9330238aac11dd2e177a1ae"
  integrity sha512-/P5lkRXkWHNAbcJIiHPfRoKqyd7bsyCma1hZNUGfn20qm64T6ZBlrzprymeu918H+mB/0rIg2gGK/BXkhhYgBw==
